{
    "version": 3,
    "terraform_version": "0.11.7",
    "serial": 2,
    "lineage": "1adb7e3b-df8b-a0a2-52f3-4d1df03d55b3",
    "modules": [
        {
            "path": [
                "root"
            ],
            "outputs": {
                "IP Address": {
                    "sensitive": false,
                    "type": "string",
                    "value": "172.17.0.3"
                },
                "container_name": {
                    "sensitive": false,
                    "type": "string",
                    "value": "blog"
                }
            },
            "resources": {},
            "depends_on": []
        },
        {
            "path": [
                "root",
                "container"
            ],
            "outputs": {
                "container_name": {
                    "sensitive": false,
                    "type": "string",
                    "value": "blog"
                },
                "ip": {
                    "sensitive": false,
                    "type": "string",
                    "value": "172.17.0.3"
                }
            },
            "resources": {
                "docker_container.container_id": {
                    "type": "docker_container",
                    "depends_on": [],
                    "primary": {
                        "id": "91ec7de17dbf4dcb27d1a87c2b11207bfe57658e31e9032c1796662c3f2f8b34",
                        "attributes": {
                            "bridge": "",
                            "gateway": "172.17.0.1",
                            "id": "91ec7de17dbf4dcb27d1a87c2b11207bfe57658e31e9032c1796662c3f2f8b34",
                            "image": "sha256:e3981d948dddeae191d44e9e3ae99f0e553d3823c2fc795abbc1331d690f1307",
                            "ip_address": "172.17.0.3",
                            "ip_prefix_length": "16",
                            "log_driver": "json-file",
                            "must_run": "true",
                            "name": "blog",
                            "ports.#": "1",
                            "ports.2074585987.external": "80",
                            "ports.2074585987.internal": "2368",
                            "ports.2074585987.ip": "",
                            "ports.2074585987.protocol": "tcp",
                            "restart": "no"
                        },
                        "meta": {},
                        "tainted": false
                    },
                    "deposed": [],
                    "provider": "provider.docker"
                }
            },
            "depends_on": []
        },
        {
            "path": [
                "root",
                "image"
            ],
            "outputs": {
                "image_out": {
                    "sensitive": false,
                    "type": "string",
                    "value": "sha256:e3981d948dddeae191d44e9e3ae99f0e553d3823c2fc795abbc1331d690f1307"
                }
            },
            "resources": {
                "docker_image.image_id": {
                    "type": "docker_image",
                    "depends_on": [],
                    "primary": {
                        "id": "sha256:e3981d948dddeae191d44e9e3ae99f0e553d3823c2fc795abbc1331d690f1307ghost:alpine",
                        "attributes": {
                            "id": "sha256:e3981d948dddeae191d44e9e3ae99f0e553d3823c2fc795abbc1331d690f1307ghost:alpine",
                            "latest": "sha256:e3981d948dddeae191d44e9e3ae99f0e553d3823c2fc795abbc1331d690f1307",
                            "name": "ghost:alpine"
                        },
                        "meta": {},
                        "tainted": false
                    },
                    "deposed": [],
                    "provider": "provider.docker"
                }
            },
            "depends_on": []
        }
    ]
}
