{
    "version": 3,
    "terraform_version": "0.11.7",
    "serial": 2,
    "lineage": "9c9673cc-df6e-1c40-ea58-32187d64ed6a",
    "modules": [
        {
            "path": [
                "root"
            ],
            "outputs": {
                "IP Address": {
                    "sensitive": false,
                    "type": "string",
                    "value": "172.17.0.2"
                },
                "container_name": {
                    "sensitive": false,
                    "type": "string",
                    "value": "dev_blog"
                }
            },
            "resources": {},
            "depends_on": []
        },
        {
            "path": [
                "root",
                "container"
            ],
            "outputs": {
                "container_name": {
                    "sensitive": false,
                    "type": "string",
                    "value": "dev_blog"
                },
                "ip": {
                    "sensitive": false,
                    "type": "string",
                    "value": "172.17.0.2"
                }
            },
            "resources": {
                "docker_container.container_id": {
                    "type": "docker_container",
                    "depends_on": [],
                    "primary": {
                        "id": "d79d7ac122ac8b4bd659c3fdab226ac741ae8790ba21db416a6e8e2a627c94ad",
                        "attributes": {
                            "bridge": "",
                            "gateway": "172.17.0.1",
                            "id": "d79d7ac122ac8b4bd659c3fdab226ac741ae8790ba21db416a6e8e2a627c94ad",
                            "image": "sha256:cc8dc6c8e32c4962850d3c9b54da6b27a09c0f1a0a70696a0f41e1921eec66f6",
                            "ip_address": "172.17.0.2",
                            "ip_prefix_length": "16",
                            "log_driver": "json-file",
                            "must_run": "true",
                            "name": "dev_blog",
                            "ports.#": "1",
                            "ports.1910880248.external": "8080",
                            "ports.1910880248.internal": "2368",
                            "ports.1910880248.ip": "",
                            "ports.1910880248.protocol": "tcp",
                            "restart": "no"
                        },
                        "meta": {},
                        "tainted": false
                    },
                    "deposed": [],
                    "provider": "provider.docker"
                }
            },
            "depends_on": []
        },
        {
            "path": [
                "root",
                "image"
            ],
            "outputs": {
                "image_out": {
                    "sensitive": false,
                    "type": "string",
                    "value": "sha256:cc8dc6c8e32c4962850d3c9b54da6b27a09c0f1a0a70696a0f41e1921eec66f6"
                }
            },
            "resources": {
                "docker_image.image_id": {
                    "type": "docker_image",
                    "depends_on": [],
                    "primary": {
                        "id": "sha256:cc8dc6c8e32c4962850d3c9b54da6b27a09c0f1a0a70696a0f41e1921eec66f6ghost:latest",
                        "attributes": {
                            "id": "sha256:cc8dc6c8e32c4962850d3c9b54da6b27a09c0f1a0a70696a0f41e1921eec66f6ghost:latest",
                            "latest": "sha256:cc8dc6c8e32c4962850d3c9b54da6b27a09c0f1a0a70696a0f41e1921eec66f6",
                            "name": "ghost:latest"
                        },
                        "meta": {},
                        "tainted": false
                    },
                    "deposed": [],
                    "provider": "provider.docker"
                }
            },
            "depends_on": []
        }
    ]
}
